{
    "_meta": {
        "hash": {
            "sha256": "d6171a4fe44ff1fece4e332d64d8ff0d3cf07bc243b0516982efaf623232d720"
        },
        "pipfile-spec": 6,
        "requires": {
            "python_version": "3.7"
        },
        "sources": [
            {
                "name": "pypi",
                "url": "https://pypi.org/simple",
                "verify_ssl": true
            }
        ]
    },
    "default": {
        "arrow": {
            "hashes": [
                "sha256:3515630f11a15c61dcb4cdd245883270dd334c83f3e639824e65a4b79cc48543",
                "sha256:399c9c8ae732270e1aa58ead835a79a40d7be8aa109c579898eb41029b5a231d"
            ],
            "version": "==1.0.3"
        },
        "attrs": {
            "hashes": [
                "sha256:31b2eced602aa8423c2aea9c76a724617ed67cf9513173fd3a4f03e3a929c7e6",
                "sha256:832aa3cde19744e49938b91fea06d69ecb9e649c93ba974535d08ad92164f700"
            ],
            "version": "==20.3.0"
        },
        "base58": {
            "hashes": [
                "sha256:f1eaa4d3b6a0a55b1304deadd3ce11effa5773e3b738f51813eccbf2f7ee5b80"
            ],
            "version": "==0.2.2"
        },
        "beautifulsoup4": {
            "hashes": [
                "sha256:4c98143716ef1cb40bf7f39a8e3eec8f8b009509e74904ba3a7b315431577e35",
                "sha256:84729e322ad1d5b4d25f805bfa05b902dd96450f43842c4e99067d5e1369eb25",
                "sha256:fff47e031e34ec82bf17e00da8f592fe7de69aeea38be00523c04623c04fb666"
            ],
            "version": "==4.9.3"
        },
        "bs4": {
            "hashes": [
                "sha256:36ecea1fd7cc5c0c6e4a1ff075df26d50da647b75376626cc186e2212886dd3a"
            ],
            "index": "pypi",
            "version": "==0.0.1"
        },
        "click": {
            "hashes": [
                "sha256:cc6a19da8ebff6e7074f731447ef7e112bd23adf3de5c597cf9989f2fd8defe9",
                "sha256:fcf697e1fd4b567d817c69dab10a4035937fe6af175c05fd6806b69f74cbc6c4"
            ],
            "version": "==6.6"
        },
        "docker-py": {
            "hashes": [
                "sha256:09ccd3522d86ec95c0659887d1da7b2761529020694efb0eeac87074cb4536c2",
                "sha256:c4367222e54bd8045c904d106cc0956f730364846a555e7ed9a9b158646f6e05"
            ],
            "version": "==1.8.0"
        },
        "ecdsa": {
            "hashes": [
                "sha256:881fa5e12bb992972d3d1b3d4dfbe149ab76a89f13da02daa5ea1ec7dea6e747",
                "sha256:cfc046a2ddd425adbd1a78b3c46f0d1325c657811c0f45ecc3a0a6236c1e50ff"
            ],
            "version": "==0.16.1"
        },
        "flake8": {
            "hashes": [
                "sha256:1aa8990be1e689d96c745c5682b687ea49f2e05a443aff1f8251092b0014e378",
                "sha256:3b9f848952dddccf635be78098ca75010f073bfe14d2c6bda867154bea728d2a"
            ],
            "version": "==3.9.1"
        },
        "flask": {
            "hashes": [
                "sha256:13f9f196f330c7c2c5d7a5cf91af894110ca0215ac051b5844701f2bfd934d52",
                "sha256:45eb5a6fd193d6cf7e0cf5d8a5b31f83d5faae0293695626f539a823e93b13f6"
            ],
            "index": "pypi",
            "version": "==1.1.1"
        },
        "funcsigs": {
            "hashes": [
                "sha256:330cc27ccbf7f1e992e69fef78261dc7c6569012cf397db8d3de0234e6c937ca",
                "sha256:a7bb0f2cf3a3fd1ab2732cb49eba4252c2af4240442415b4abce3b87022a8f50"
            ],
            "version": "==1.0.2"
        },
        "future": {
            "hashes": [
                "sha256:b1bead90b70cf6ec3f0710ae53a525360fa360d306a86583adc6bf83a4db537d"
            ],
            "version": "==0.18.2"
        },
        "importlib-metadata": {
            "hashes": [
                "sha256:19192b88d959336bfa6bdaaaef99aeafec179eca19c47c804e555703ee5f07ef",
                "sha256:2e881981c9748d7282b374b68e759c87745c25427b67ecf0cc67fb6637a1bff9"
            ],
            "markers": "python_version < '3.8'",
            "version": "==4.0.0"
        },
        "iniconfig": {
            "hashes": [
                "sha256:011e24c64b7f47f6ebd835bb12a743f2fbe9a26d4cecaa7f53bc4f35ee9da8b3",
                "sha256:bc3af051d7d14b2ee5ef9969666def0cd1a000e121eaea580d4a313df4b37f32"
            ],
            "version": "==1.1.1"
        },
        "itsdangerous": {
            "hashes": [
                "sha256:321b033d07f2a4136d3ec762eac9f16a10ccd60f53c0c91af90217ace7ba1f19",
                "sha256:b12271b2047cb23eeb98c8b5622e2e5c5e9abd9784a153e9d8ef9cb4dd09d749"
            ],
            "version": "==1.1.0"
        },
        "jinja2": {
            "hashes": [
                "sha256:03e47ad063331dd6a3f04a43eddca8a966a26ba0c5b7207a9a9e4e08f1b29419",
                "sha256:a6d58433de0ae800347cab1fa3043cebbabe8baa9d29e668f1c768cb87a333c6"
            ],
            "version": "==2.11.3"
        },
        "jsonrpcclient": {
            "hashes": [
                "sha256:c40b701e50f0a3e2f727cd473613a86751a9692f6439f1c919c68ebd7dd70b78"
            ],
            "version": "==2.0.1"
        },
        "jsonrpcserver": {
            "hashes": [
                "sha256:17848c81bcae251b39f3af80486c10bed8b160486ac4695899df859e7fb1353d"
            ],
            "version": "==3.1.1"
        },
        "jsonschema": {
            "hashes": [
                "sha256:4e5b3cf8216f577bee9ce139cbe72eca3ea4f292ec60928ff24758ce626cd163",
                "sha256:c8a85b28d377cc7737e46e2d9f2b4f44ee3c0e1deac6bf46ddefc7187d30797a"
            ],
            "version": "==3.2.0"
        },
        "markupsafe": {
            "hashes": [
                "sha256:00bc623926325b26bb9605ae9eae8a215691f33cae5df11ca5424f06f2d1f473",
                "sha256:09027a7803a62ca78792ad89403b1b7a73a01c8cb65909cd876f7fcebd79b161",
                "sha256:09c4b7f37d6c648cb13f9230d847adf22f8171b1ccc4d5682398e77f40309235",
                "sha256:1027c282dad077d0bae18be6794e6b6b8c91d58ed8a8d89a89d59693b9131db5",
                "sha256:13d3144e1e340870b25e7b10b98d779608c02016d5184cfb9927a9f10c689f42",
                "sha256:195d7d2c4fbb0ee8139a6cf67194f3973a6b3042d742ebe0a9ed36d8b6f0c07f",
                "sha256:22c178a091fc6630d0d045bdb5992d2dfe14e3259760e713c490da5323866c39",
                "sha256:24982cc2533820871eba85ba648cd53d8623687ff11cbb805be4ff7b4c971aff",
                "sha256:29872e92839765e546828bb7754a68c418d927cd064fd4708fab9fe9c8bb116b",
                "sha256:2beec1e0de6924ea551859edb9e7679da6e4870d32cb766240ce17e0a0ba2014",
                "sha256:3b8a6499709d29c2e2399569d96719a1b21dcd94410a586a18526b143ec8470f",
                "sha256:43a55c2930bbc139570ac2452adf3d70cdbb3cfe5912c71cdce1c2c6bbd9c5d1",
                "sha256:46c99d2de99945ec5cb54f23c8cd5689f6d7177305ebff350a58ce5f8de1669e",
                "sha256:500d4957e52ddc3351cabf489e79c91c17f6e0899158447047588650b5e69183",
                "sha256:535f6fc4d397c1563d08b88e485c3496cf5784e927af890fb3c3aac7f933ec66",
                "sha256:596510de112c685489095da617b5bcbbac7dd6384aeebeda4df6025d0256a81b",
                "sha256:62fe6c95e3ec8a7fad637b7f3d372c15ec1caa01ab47926cfdf7a75b40e0eac1",
                "sha256:6788b695d50a51edb699cb55e35487e430fa21f1ed838122d722e0ff0ac5ba15",
                "sha256:6dd73240d2af64df90aa7c4e7481e23825ea70af4b4922f8ede5b9e35f78a3b1",
                "sha256:6f1e273a344928347c1290119b493a1f0303c52f5a5eae5f16d74f48c15d4a85",
                "sha256:6fffc775d90dcc9aed1b89219549b329a9250d918fd0b8fa8d93d154918422e1",
                "sha256:717ba8fe3ae9cc0006d7c451f0bb265ee07739daf76355d06366154ee68d221e",
                "sha256:79855e1c5b8da654cf486b830bd42c06e8780cea587384cf6545b7d9ac013a0b",
                "sha256:7c1699dfe0cf8ff607dbdcc1e9b9af1755371f92a68f706051cc8c37d447c905",
                "sha256:7fed13866cf14bba33e7176717346713881f56d9d2bcebab207f7a036f41b850",
                "sha256:84dee80c15f1b560d55bcfe6d47b27d070b4681c699c572af2e3c7cc90a3b8e0",
                "sha256:88e5fcfb52ee7b911e8bb6d6aa2fd21fbecc674eadd44118a9cc3863f938e735",
                "sha256:8defac2f2ccd6805ebf65f5eeb132adcf2ab57aa11fdf4c0dd5169a004710e7d",
                "sha256:98bae9582248d6cf62321dcb52aaf5d9adf0bad3b40582925ef7c7f0ed85fceb",
                "sha256:98c7086708b163d425c67c7a91bad6e466bb99d797aa64f965e9d25c12111a5e",
                "sha256:9add70b36c5666a2ed02b43b335fe19002ee5235efd4b8a89bfcf9005bebac0d",
                "sha256:9bf40443012702a1d2070043cb6291650a0841ece432556f784f004937f0f32c",
                "sha256:a6a744282b7718a2a62d2ed9d993cad6f5f585605ad352c11de459f4108df0a1",
                "sha256:acf08ac40292838b3cbbb06cfe9b2cb9ec78fce8baca31ddb87aaac2e2dc3bc2",
                "sha256:ade5e387d2ad0d7ebf59146cc00c8044acbd863725f887353a10df825fc8ae21",
                "sha256:b00c1de48212e4cc9603895652c5c410df699856a2853135b3967591e4beebc2",
                "sha256:b1282f8c00509d99fef04d8ba936b156d419be841854fe901d8ae224c59f0be5",
                "sha256:b1dba4527182c95a0db8b6060cc98ac49b9e2f5e64320e2b56e47cb2831978c7",
                "sha256:b2051432115498d3562c084a49bba65d97cf251f5a331c64a12ee7e04dacc51b",
                "sha256:b7d644ddb4dbd407d31ffb699f1d140bc35478da613b441c582aeb7c43838dd8",
                "sha256:ba59edeaa2fc6114428f1637ffff42da1e311e29382d81b339c1817d37ec93c6",
                "sha256:bf5aa3cbcfdf57fa2ee9cd1822c862ef23037f5c832ad09cfea57fa846dec193",
                "sha256:c8716a48d94b06bb3b2524c2b77e055fb313aeb4ea620c8dd03a105574ba704f",
                "sha256:caabedc8323f1e93231b52fc32bdcde6db817623d33e100708d9a68e1f53b26b",
                "sha256:cd5df75523866410809ca100dc9681e301e3c27567cf498077e8551b6d20e42f",
                "sha256:cdb132fc825c38e1aeec2c8aa9338310d29d337bebbd7baa06889d09a60a1fa2",
                "sha256:d53bc011414228441014aa71dbec320c66468c1030aae3a6e29778a3382d96e5",
                "sha256:d73a845f227b0bfe8a7455ee623525ee656a9e2e749e4742706d80a6065d5e2c",
                "sha256:d9be0ba6c527163cbed5e0857c451fcd092ce83947944d6c14bc95441203f032",
                "sha256:e249096428b3ae81b08327a63a485ad0878de3fb939049038579ac0ef61e17e7",
                "sha256:e8313f01ba26fbbe36c7be1966a7b7424942f670f38e666995b88d012765b9be",
                "sha256:feb7b34d6325451ef96bc0e36e1a6c0c1c64bc1fbec4b854f4529e51887b1621"
            ],
            "version": "==1.1.1"
        },
        "mccabe": {
            "hashes": [
                "sha256:ab8a6258860da4b6677da4bd2fe5dc2c659cff31b3ee4f7f5d64e79735b80d42",
                "sha256:dd8d182285a0fe56bace7f45b5e7d1a6ebcbf524e8f3bd87eb0f125271b8831f"
            ],
            "version": "==0.6.1"
        },
        "mnemonic": {
            "hashes": [
                "sha256:9f58a9eba9995e4342b2b53a945b5cae9fd154aca8e940e0e2be8f61e037e62c"
            ],
            "version": "==0.13"
        },
        "packaging": {
            "hashes": [
                "sha256:5b327ac1320dc863dca72f4514ecc086f31186744b84a230374cc1fd776feae5",
                "sha256:67714da7f7bc052e064859c05c595155bd1ee9f69f76557e21f051443c20947a"
            ],
            "version": "==20.9"
        },
        "path": {
            "hashes": [
                "sha256:bb629aefd86825bf21c8bcfa0f8691a6e5abdc3e43d50b626fe6aac5b13f60b7",
                "sha256:e07601c83ae394cb05298c96e073c251d185599ecbf3cf7110b00f4d1898d53e"
            ],
            "version": "==15.1.2"
        },
        "path.py": {
            "hashes": [
                "sha256:8d885e8b2497aed005703d94e0fd97943401f035e42a136810308bff034529a8",
                "sha256:a43e82eb2c344c3fd0b9d6352f6b856f40b8b7d3d65cc05978b42c3715668496"
            ],
            "version": "==12.5.0"
        },
        "pbkdf2": {
            "hashes": [
                "sha256:ac6397369f128212c43064a2b4878038dab78dab41875364554aaf2a684e6979"
            ],
            "version": "==1.3"
        },
        "pexpect": {
            "hashes": [
                "sha256:0b48a55dcb3c05f3329815901ea4fc1537514d6ba867a152b581d69ae3710937",
                "sha256:fc65a43959d153d0114afe13997d439c22823a27cefceb5ff35c2178c6784c0c"
            ],
            "version": "==4.8.0"
        },
        "pluggy": {
            "hashes": [
                "sha256:15b2acde666561e1298d71b523007ed7364de07029219b604cf808bfa1c765b0",
                "sha256:966c145cd83c96502c3c3868f50408687b38434af77734af1e9ca461a4081d2d"
            ],
            "version": "==0.13.1"
        },
        "protobuf": {
            "hashes": [
                "sha256:b61622de5048415bfd3f2d812ad64606438ac9e25009ae84191405fe58e522c1"
            ],
            "version": "==3.0.0a3"
        },
        "ptyprocess": {
            "hashes": [
                "sha256:4b41f3967fce3af57cc7e94b888626c18bf37a083e3651ca8feeb66d492fef35",
                "sha256:5c5d0a3b48ceee0b48485e0c26037c0acd7d29765ca3fbb5cb3831d347423220"
            ],
            "version": "==0.7.0"
        },
        "py": {
            "hashes": [
                "sha256:21b81bda15b66ef5e1a777a21c4dcd9c20ad3efd0b3f817e7a809035269e1bd3",
                "sha256:3b80836aa6d1feeaa108e046da6423ab8f6ceda6468545ae8d02d9d58d18818a"
            ],
            "index": "pypi",
            "version": "==1.10.0"
        },
        "pyaes": {
            "hashes": [
                "sha256:02c1b1405c38d3c370b085fb952dd8bea3fadcee6411ad99f312cc129c536d8f"
            ],
            "version": "==1.6.1"
        },
        "pycodestyle": {
            "hashes": [
                "sha256:514f76d918fcc0b55c6680472f0a37970994e07bbb80725808c17089be302068",
                "sha256:c389c1d06bf7904078ca03399a4816f974a1d590090fecea0c63ec26ebaf1cef"
            ],
            "version": "==2.7.0"
        },
        "pycryptodome": {
            "hashes": [
                "sha256:09c1555a3fa450e7eaca41ea11cd00afe7c91fef52353488e65663777d8524e0",
                "sha256:12222a5edc9ca4a29de15fbd5339099c4c26c56e13c2ceddf0b920794f26165d",
                "sha256:1723ebee5561628ce96748501cdaa7afaa67329d753933296321f0be55358dce",
                "sha256:1c5e1ca507de2ad93474be5cfe2bfa76b7cf039a1a32fc196f40935944871a06",
                "sha256:2603c98ae04aac675fefcf71a6c87dc4bb74a75e9071ae3923bbc91a59f08d35",
                "sha256:2dea65df54349cdfa43d6b2e8edb83f5f8d6861e5cf7b1fbc3e34c5694c85e27",
                "sha256:31c1df17b3dc5f39600a4057d7db53ac372f492c955b9b75dd439f5d8b460129",
                "sha256:38661348ecb71476037f1e1f553159b80d256c00f6c0b00502acac891f7116d9",
                "sha256:3e2e3a06580c5f190df843cdb90ea28d61099cf4924334d5297a995de68e4673",
                "sha256:3f840c49d38986f6e17dbc0673d37947c88bc9d2d9dba1c01b979b36f8447db1",
                "sha256:501ab36aae360e31d0ec370cf5ce8ace6cb4112060d099b993bc02b36ac83fb6",
                "sha256:60386d1d4cfaad299803b45a5bc2089696eaf6cdd56f9fc17479a6f89595cfc8",
                "sha256:6260e24d41149268122dd39d4ebd5941e9d107f49463f7e071fd397e29923b0c",
                "sha256:6bbf7fee7b7948b29d7e71fcacf48bac0c57fb41332007061a933f2d996f9713",
                "sha256:6d2df5223b12437e644ce0a3be7809471ffa71de44ccd28b02180401982594a6",
                "sha256:758949ca62690b1540dfb24ad773c6da9cd0e425189e83e39c038bbd52b8e438",
                "sha256:77997519d8eb8a4adcd9a47b9cec18f9b323e296986528186c0e9a7a15d6a07e",
                "sha256:7fd519b89585abf57bf47d90166903ec7b43af4fe23c92273ea09e6336af5c07",
                "sha256:98213ac2b18dc1969a47bc65a79a8fca02a414249d0c8635abb081c7f38c91b6",
                "sha256:99b2f3fc51d308286071d0953f92055504a6ffe829a832a9fc7a04318a7683dd",
                "sha256:9b6f711b25e01931f1c61ce0115245a23cdc8b80bf8539ac0363bdcf27d649b6",
                "sha256:a3105a0eb63eacf98c2ecb0eb4aa03f77f40fbac2bdde22020bb8a536b226bb8",
                "sha256:a8eb8b6ea09ec1c2535bf39914377bc8abcab2c7d30fa9225eb4fe412024e427",
                "sha256:a92d5c414e8ee1249e850789052608f582416e82422502dc0ac8c577808a9067",
                "sha256:d3d6958d53ad307df5e8469cc44474a75393a434addf20ecd451f38a72fe29b8",
                "sha256:e0a4d5933a88a2c98bbe19c0c722f5483dc628d7a38338ac2cb64a7dbd34064b",
                "sha256:e3bf558c6aeb49afa9f0c06cee7fb5947ee5a1ff3bd794b653d39926b49077fa",
                "sha256:e61e363d9a5d7916f3a4ce984a929514c0df3daf3b1b2eb5e6edbb131ee771cf",
                "sha256:f977cdf725b20f6b8229b0c87acb98c7717e742ef9f46b113985303ae12a99da",
                "sha256:fc7489a50323a0df02378bc2fff86eb69d94cc5639914346c736be981c6a02e7"
            ],
            "version": "==3.10.1"
        },
        "pyflakes": {
            "hashes": [
                "sha256:7893783d01b8a89811dd72d7dfd4d84ff098e5eed95cfa8905b22bbffe52efc3",
                "sha256:f5bc8ecabc05bb9d291eb5203d6810b49040f6ff446a756326104746cc00c1db"
            ],
            "version": "==2.3.1"
        },
        "pyparsing": {
            "hashes": [
                "sha256:c203ec8783bf771a155b207279b9bccb8dea02d8f0c9e5f8ead507bc3246ecc1",
                "sha256:ef9d7589ef3c200abe66653d3f1ab1033c3c419ae9b9bdb1240a85b024efc88b"
            ],
            "version": "==2.4.7"
        },
        "pyrsistent": {
            "hashes": [
                "sha256:2e636185d9eb976a18a8a8e96efce62f2905fea90041958d8cc2a189756ebf3e"
            ],
            "version": "==0.17.3"
        },
        "pytest": {
            "hashes": [
                "sha256:671238a46e4df0f3498d1c3270e5deb9b32d25134c99b7d75370a68cfbe9b634",
                "sha256:6ad9c7bdf517a808242b998ac20063c41532a570d088d77eec1ee12b0b5574bc"
            ],
            "version": "==6.2.3"
        },
        "python-dateutil": {
            "hashes": [
                "sha256:73ebfe9dbf22e832286dafa60473e4cd239f8592f699aa5adaf10050e6e1823c",
                "sha256:75bb3f31ea686f1197762692a9ee6a7550b59fc6ca3a1f4b5d7e32fb98e2da2a"
            ],
            "version": "==2.8.1"
        },
        "pywallet": {
            "hashes": [
                "sha256:5793a294454b40902b62db7448e7393d264fe0784e67fab823d7d3bc502c5f2c"
            ],
            "index": "pypi",
            "version": "==0.1.0"
        },
        "pyyaml": {
            "hashes": [
                "sha256:08682f6b72c722394747bddaf0aa62277e02557c0fd1c42cb853016a38f8dedf",
                "sha256:0f5f5786c0e09baddcd8b4b45f20a7b5d61a7e7e99846e3c799b05c7c53fa696",
                "sha256:129def1b7c1bf22faffd67b8f3724645203b79d8f4cc81f674654d9902cb4393",
                "sha256:294db365efa064d00b8d1ef65d8ea2c3426ac366c0c4368d930bf1c5fb497f77",
                "sha256:3b2b1824fe7112845700f815ff6a489360226a5609b96ec2190a45e62a9fc922",
                "sha256:3bd0e463264cf257d1ffd2e40223b197271046d09dadf73a0fe82b9c1fc385a5",
                "sha256:4465124ef1b18d9ace298060f4eccc64b0850899ac4ac53294547536533800c8",
                "sha256:49d4cdd9065b9b6e206d0595fee27a96b5dd22618e7520c33204a4a3239d5b10",
                "sha256:4e0583d24c881e14342eaf4ec5fbc97f934b999a6828693a99157fde912540cc",
                "sha256:5accb17103e43963b80e6f837831f38d314a0495500067cb25afab2e8d7a4018",
                "sha256:607774cbba28732bfa802b54baa7484215f530991055bb562efbed5b2f20a45e",
                "sha256:6c78645d400265a062508ae399b60b8c167bf003db364ecb26dcab2bda048253",
                "sha256:72a01f726a9c7851ca9bfad6fd09ca4e090a023c00945ea05ba1638c09dc3347",
                "sha256:74c1485f7707cf707a7aef42ef6322b8f97921bd89be2ab6317fd782c2d53183",
                "sha256:895f61ef02e8fed38159bb70f7e100e00f471eae2bc838cd0f4ebb21e28f8541",
                "sha256:8c1be557ee92a20f184922c7b6424e8ab6691788e6d86137c5d93c1a6ec1b8fb",
                "sha256:bb4191dfc9306777bc594117aee052446b3fa88737cd13b7188d0e7aa8162185",
                "sha256:bfb51918d4ff3d77c1c856a9699f8492c612cde32fd3bcd344af9be34999bfdc",
                "sha256:c20cfa2d49991c8b4147af39859b167664f2ad4561704ee74c1de03318e898db",
                "sha256:cb333c16912324fd5f769fff6bc5de372e9e7a202247b48870bc251ed40239aa",
                "sha256:d2d9808ea7b4af864f35ea216be506ecec180628aced0704e34aca0b040ffe46",
                "sha256:d483ad4e639292c90170eb6f7783ad19490e7a8defb3e46f97dfe4bacae89122",
                "sha256:dd5de0646207f053eb0d6c74ae45ba98c3395a571a2891858e87df7c9b9bd51b",
                "sha256:e1d4970ea66be07ae37a3c2e48b5ec63f7ba6804bdddfdbd3cfd954d25a82e63",
                "sha256:e4fac90784481d221a8e4b1162afa7c47ed953be40d31ab4629ae917510051df",
                "sha256:fa5ae20527d8e831e8230cbffd9f8fe952815b2b7dae6ffec25318803a7528fc",
                "sha256:fd7f6999a8070df521b6384004ef42833b9bd62cfee11a09bda1079b4b704247",
                "sha256:fdc842473cd33f45ff6bce46aea678a54e3d21f1b61a7750ce3c498eedfe25d6",
                "sha256:fe69978f3f768926cfa37b867e3843918e012cf83f680806599ddce33c2c68b0"
            ],
            "version": "==5.4.1"
        },
        "requests": {
            "hashes": [
                "sha256:545c4855cd9d7c12671444326337013766f4eea6068c3f0307fb2dc2696d580e",
                "sha256:5acf980358283faba0b897c73959cecf8b841205bb4b2ad3ef545f46eae1a133"
            ],
            "version": "==2.11.1"
        },
        "sha256": {
            "hashes": [
                "sha256:ed989b0bb3adcd01e8fef33bc8de17a70dde2661de448f13e9434f78ded1bb1b"
            ],
            "version": "==0.1"
        },
        "six": {
            "hashes": [
                "sha256:30639c035cdb23534cd4aa2dd52c3bf48f06e5f4a941509c8bafd8ce11080259",
                "sha256:8b74bedcbbbaca38ff6d7491d76f2b06b3592611af620f8426e82dddb04a5ced"
            ],
            "version": "==1.15.0"
        },
        "soupsieve": {
            "hashes": [
                "sha256:052774848f448cf19c7e959adf5566904d525f33a3f8b6ba6f6f8f26ec7de0cc",
                "sha256:c2c1c2d44f158cdbddab7824a9af8c4f83c76b1e23e049479aa432feb6c4c23b"
            ],
            "markers": "python_version >= '3.0'",
            "version": "==2.2.1"
        },
        "starkbank-ecdsa": {
            "hashes": [
                "sha256:c802f2d0bc37a9bd8b64fa421b89749ab8d9e03e55b7687a5d14d4d35ab51a48"
            ],
            "index": "pypi",
            "version": "==0.1.9"
        },
        "tabulate": {
            "hashes": [
                "sha256:d7c013fe7abbc5e491394e10fa845f8f32fe54f8dc60c6622c6cf482d25d47e4",
                "sha256:eb1d13f25760052e8931f2ef80aaf6045a6cceb47514db8beab24cded16f13a7"
            ],
            "version": "==0.8.9"
        },
        "toml": {
            "hashes": [
                "sha256:806143ae5bfb6a3c6e736a764057db0e6a0e05e338b5630894a5f779cabb4f9b",
                "sha256:b3bda1d108d5dd99f4a20d24d9c348e91c4db7ab1b749200bded2f839ccbe68f"
            ],
            "version": "==0.10.2"
        },
        "two1": {
            "hashes": [
                "sha256:bbb19bfed71c92ebb3ad3d5057154c138fa586c648dd7d740c0ba4c1a940e3cc"
            ],
            "version": "==3.10.9"
        },
        "typing-extensions": {
            "hashes": [
                "sha256:7cb407020f00f7bfc3cb3e7881628838e69d8f3fcab2f64742a5e76b2f841918",
                "sha256:99d4073b617d30288f569d3f13d2bd7548c3a7e4c8de87db09a9d29bb3a4a60c",
                "sha256:dafc7639cde7f1b6e1acc0f457842a83e722ccca8eef5270af2d74792619a89f"
            ],
            "markers": "python_version < '3.8'",
            "version": "==3.7.4.3"
        },
        "websocket-client": {
            "hashes": [
                "sha256:44b5df8f08c74c3d82d28100fdc81f4536809ce98a17f0757557813275fbb663",
                "sha256:63509b41d158ae5b7f67eb4ad20fecbb4eee99434e73e140354dc3ff8e09716f"
            ],
            "version": "==0.58.0"
        },
        "werkzeug": {
            "hashes": [
                "sha256:2de2a5db0baeae7b2d2664949077c2ac63fbd16d98da0ff71837f7d1dea3fd43",
                "sha256:6c80b1e5ad3665290ea39320b91e1be1e0d5f60652b964a3070216de83d2e47c"
            ],
            "version": "==1.0.1"
        },
        "zipp": {
            "hashes": [
                "sha256:3607921face881ba3e026887d8150cca609d517579abe052ac81fc5aeffdbd76",
                "sha256:51cb66cc54621609dd593d1787f286ee42a5c0adbb4b29abea5a63edc3e03098"
            ],
            "version": "==3.4.1"
        }
    },
    "develop": {}
}
